Microsoft Visual Studio Solution File, Format Version 12.00
# Visual Studio Version 17
VisualStudioVersion = 17.5.2.0
MinimumVisualStudioVersion = 10.0.40219.1
Project("{FAE04EC0-301F-11D3-BF4B-00C04F79EFBC}") = "StardewLivingValley", "StardewLivingValley.csproj", "{D1BAA365-1FB6-F249-C425-950CC9C6F413}"
EndProject
Global
	GlobalSection(SolutionConfigurationPlatforms) = preSolution
		Debug|Any CPU = Debug|Any CPU
		Release|Any CPU = Release|Any CPU
	EndGlobalSection
	GlobalSection(ProjectConfigurationPlatforms) = postSolution
		{D1BAA365-1FB6-F249-C425-950CC9C6F413}.Debug|Any CPU.ActiveCfg = Debug|Any CPU
		{D1BAA365-1FB6-F249-C425-950CC9C6F413}.Debug|Any CPU.Build.0 = Debug|Any CPU
		{D1BAA365-1FB6-F249-C425-950CC9C6F413}.Release|Any CPU.ActiveCfg = Release|Any CPU
		{D1BAA365-1FB6-F249-C425-950CC9C6F413}.Release|Any CPU.Build.0 = Release|Any CPU
	EndGlobalSection
	GlobalSection(SolutionProperties) = preSolution
		HideSolutionNode = FALSE
	EndGlobalSection
	GlobalSection(ExtensibilityGlobals) = postSolution
		SolutionGuid = {FCFBB68F-37BC-4BE9-936F-0B6819091763}
	EndGlobalSection
EndGlobal
